
Microsoft Visual Studio Solution File, Format Version 12.00
# Visual Studio Version 17
VisualStudioVersion = 17.1.32421.90
MinimumVisualStudioVersion = 10.0.40219.1
Project("{9A19103F-16F7-4668-BE54-9A1E7A4F7556}") = "rowsSharp", "rowsSharp\rowsSharp.csproj", "{F3FAEAFF-697C-4076-ACF7-A82E3AB42826}"
EndProject
Project("{2150E333-8FDC-42A3-9474-1A3956D46DE8}") = "Solution Items", "Solution Items", "{EB7C9297-C6F7-4D62-B9A7-4E519FF857C8}"
	ProjectSection(SolutionItems) = preProject
		.editorconfig = .editorconfig
	EndProjectSection
EndProject
Project("{9A19103F-16F7-4668-BE54-9A1E7A4F7556}") = "rowsSharp.Core", "ObservableTable\rowsSharp.Core.csproj", "{B9D145DF-6D89-46F7-8E0B-8EC642436E2E}"
EndProject
Project("{9A19103F-16F7-4668-BE54-9A1E7A4F7556}") = "Internals-ObservableTable", "Internals-GUI\Internals-ObservableTable.csproj", "{89BF102E-5B51-4A1B-B855-3D6A649A1067}"
EndProject
Project("{FAE04EC0-301F-11D3-BF4B-00C04F79EFBC}") = "Internals-ObservableTable2", "Internals-ObservableTable2\Internals-ObservableTable2.csproj", "{7709790F-CD65-4ED1-AED5-984241DC72A4}"
EndProject
Project("{9A19103F-16F7-4668-BE54-9A1E7A4F7556}") = "Internals_Behaviors", "Internals_Behaviors\Internals_Behaviors.csproj", "{CCDBBDEB-2E45-4405-A09D-98A43AC76B0A}"
EndProject
Project("{FAE04EC0-301F-11D3-BF4B-00C04F79EFBC}") = "ObservableTable3", "ObservableTable3\ObservableTable3.csproj", "{0B1DFC16-D337-42F7-8456-1A908EAC63F8}"
EndProject
Global
	GlobalSection(SolutionConfigurationPlatforms) = preSolution
		Debug|Any CPU = Debug|Any CPU
		Release|Any CPU = Release|Any CPU
	EndGlobalSection
	GlobalSection(ProjectConfigurationPlatforms) = postSolution
		{F3FAEAFF-697C-4076-ACF7-A82E3AB42826}.Debug|Any CPU.ActiveCfg = Debug|Any CPU
		{F3FAEAFF-697C-4076-ACF7-A82E3AB42826}.Debug|Any CPU.Build.0 = Debug|Any CPU
		{F3FAEAFF-697C-4076-ACF7-A82E3AB42826}.Release|Any CPU.ActiveCfg = Release|Any CPU
		{F3FAEAFF-697C-4076-ACF7-A82E3AB42826}.Release|Any CPU.Build.0 = Release|Any CPU
		{B9D145DF-6D89-46F7-8E0B-8EC642436E2E}.Debug|Any CPU.ActiveCfg = Debug|Any CPU
		{B9D145DF-6D89-46F7-8E0B-8EC642436E2E}.Debug|Any CPU.Build.0 = Debug|Any CPU
		{B9D145DF-6D89-46F7-8E0B-8EC642436E2E}.Release|Any CPU.ActiveCfg = Release|Any CPU
		{B9D145DF-6D89-46F7-8E0B-8EC642436E2E}.Release|Any CPU.Build.0 = Release|Any CPU
		{89BF102E-5B51-4A1B-B855-3D6A649A1067}.Debug|Any CPU.ActiveCfg = Debug|Any CPU
		{89BF102E-5B51-4A1B-B855-3D6A649A1067}.Debug|Any CPU.Build.0 = Debug|Any CPU
		{89BF102E-5B51-4A1B-B855-3D6A649A1067}.Release|Any CPU.ActiveCfg = Release|Any CPU
		{89BF102E-5B51-4A1B-B855-3D6A649A1067}.Release|Any CPU.Build.0 = Release|Any CPU
		{7709790F-CD65-4ED1-AED5-984241DC72A4}.Debug|Any CPU.ActiveCfg = Debug|Any CPU
		{7709790F-CD65-4ED1-AED5-984241DC72A4}.Debug|Any CPU.Build.0 = Debug|Any CPU
		{7709790F-CD65-4ED1-AED5-984241DC72A4}.Release|Any CPU.ActiveCfg = Release|Any CPU
		{7709790F-CD65-4ED1-AED5-984241DC72A4}.Release|Any CPU.Build.0 = Release|Any CPU
		{CCDBBDEB-2E45-4405-A09D-98A43AC76B0A}.Debug|Any CPU.ActiveCfg = Debug|Any CPU
		{CCDBBDEB-2E45-4405-A09D-98A43AC76B0A}.Debug|Any CPU.Build.0 = Debug|Any CPU
		{CCDBBDEB-2E45-4405-A09D-98A43AC76B0A}.Release|Any CPU.ActiveCfg = Release|Any CPU
		{CCDBBDEB-2E45-4405-A09D-98A43AC76B0A}.Release|Any CPU.Build.0 = Release|Any CPU
		{0B1DFC16-D337-42F7-8456-1A908EAC63F8}.Debug|Any CPU.ActiveCfg = Debug|Any CPU
		{0B1DFC16-D337-42F7-8456-1A908EAC63F8}.Debug|Any CPU.Build.0 = Debug|Any CPU
		{0B1DFC16-D337-42F7-8456-1A908EAC63F8}.Release|Any CPU.ActiveCfg = Release|Any CPU
		{0B1DFC16-D337-42F7-8456-1A908EAC63F8}.Release|Any CPU.Build.0 = Release|Any CPU
	EndGlobalSection
	GlobalSection(SolutionProperties) = preSolution
		HideSolutionNode = FALSE
	EndGlobalSection
	GlobalSection(ExtensibilityGlobals) = postSolution
		SolutionGuid = {D444A4DC-5196-4EED-893E-75FD883EF60E}
	EndGlobalSection
EndGlobal
